github.com/blablatov/tlsgorabbit v0.0.0-20221106115828-544d061a76fa h1:uSY93nbl32Jdfm6zUH3+joCTpcNWMQwM9o+JexE9DKM=
github.com/blablatov/tlsgorabbit v0.0.0-20221106115828-544d061a76fa/go.mod h1:4EUDWBirnFxAQavZMacLPPyQTwvfzv5yY6Y0b7seftg=
github.com/streadway/amqp v1.0.0 h1:kuuDrUJFZL1QYL9hUNuCxNObNzB0bV/ZG5jV3RWAQgo=
github.com/streadway/amqp v1.0.0/go.mod h1:AZpEONHx3DKn8O/DFsRAY58/XVQiIPMTMB1SddzLXVw=
